
Microsoft Visual Studio Solution File, Format Version 12.00
# Visual Studio Version 17
VisualStudioVersion = 17.9.34616.47
MinimumVisualStudioVersion = 10.0.40219.1
Project("{FAE04EC0-301F-11D3-BF4B-00C04F79EFBC}") = "Calculator", "Calculator\Calculator.csproj", "{863870D1-E523-4FC8-9977-198F5202267D}"
EndProject
Global
	GlobalSection(SolutionConfigurationPlatforms) = preSolution
		Debug|Any CPU = Debug|Any CPU
		Release|Any CPU = Release|Any CPU
	EndGlobalSection
	GlobalSection(ProjectConfigurationPlatforms) = postSolution
		{863870D1-E523-4FC8-9977-198F5202267D}.Debug|Any CPU.ActiveCfg = Debug|Any CPU
		{863870D1-E523-4FC8-9977-198F5202267D}.Debug|Any CPU.Build.0 = Debug|Any CPU
		{863870D1-E523-4FC8-9977-198F5202267D}.Release|Any CPU.ActiveCfg = Release|Any CPU
		{863870D1-E523-4FC8-9977-198F5202267D}.Release|Any CPU.Build.0 = Release|Any CPU
	EndGlobalSection
	GlobalSection(SolutionProperties) = preSolution
		HideSolutionNode = FALSE
	EndGlobalSection
	GlobalSection(ExtensibilityGlobals) = postSolution
		SolutionGuid = {181C5211-4AF4-4EE5-923C-89B0461BCE16}
	EndGlobalSection
EndGlobal
